
Microsoft Visual Studio Solution File, Format Version 12.00
# Visual Studio 15
Project("{FAE04EC0-301F-11D3-BF4B-00C04F79EFBC}") = "Assembly-CSharp", "Assembly-CSharp.csproj", "{251BC191-F655-1087-7021-9E79D37AB1DC}"
EndProject
Project("{FAE04EC0-301F-11D3-BF4B-00C04F79EFBC}") = "Assembly-CSharp-firstpass", "Assembly-CSharp-firstpass.csproj", "{623AA720-7ECA-78D3-7CF2-BE097560875C}"
EndProject
Project("{FAE04EC0-301F-11D3-BF4B-00C04F79EFBC}") = "Assembly-CSharp-Editor-firstpass", "Assembly-CSharp-Editor-firstpass.csproj", "{2578B7D8-0E74-60A1-8C9B-19E2D3C93A24}"
EndProject
Global
	GlobalSection(SolutionConfigurationPlatforms) = preSolution
		Debug|Any CPU = Debug|Any CPU
		Release|Any CPU = Release|Any CPU
	EndGlobalSection
	GlobalSection(ProjectConfigurationPlatforms) = postSolution
		{251BC191-F655-1087-7021-9E79D37AB1DC}.Debug|Any CPU.ActiveCfg = Debug|Any CPU
		{251BC191-F655-1087-7021-9E79D37AB1DC}.Debug|Any CPU.Build.0 = Debug|Any CPU
		{251BC191-F655-1087-7021-9E79D37AB1DC}.Release|Any CPU.ActiveCfg = Release|Any CPU
		{251BC191-F655-1087-7021-9E79D37AB1DC}.Release|Any CPU.Build.0 = Release|Any CPU
		{623AA720-7ECA-78D3-7CF2-BE097560875C}.Debug|Any CPU.ActiveCfg = Debug|Any CPU
		{623AA720-7ECA-78D3-7CF2-BE097560875C}.Debug|Any CPU.Build.0 = Debug|Any CPU
		{623AA720-7ECA-78D3-7CF2-BE097560875C}.Release|Any CPU.ActiveCfg = Release|Any CPU
		{623AA720-7ECA-78D3-7CF2-BE097560875C}.Release|Any CPU.Build.0 = Release|Any CPU
		{2578B7D8-0E74-60A1-8C9B-19E2D3C93A24}.Debug|Any CPU.ActiveCfg = Debug|Any CPU
		{2578B7D8-0E74-60A1-8C9B-19E2D3C93A24}.Debug|Any CPU.Build.0 = Debug|Any CPU
		{2578B7D8-0E74-60A1-8C9B-19E2D3C93A24}.Release|Any CPU.ActiveCfg = Release|Any CPU
		{2578B7D8-0E74-60A1-8C9B-19E2D3C93A24}.Release|Any CPU.Build.0 = Release|Any CPU
	EndGlobalSection
	GlobalSection(SolutionProperties) = preSolution
		HideSolutionNode = FALSE
	EndGlobalSection
EndGlobal
